// !$*UTF8*$!
{
	archiveVersion = 1;
	classes = {
	};
	objectVersion = 48;
	objects = {

/* Begin PBXBuildFile section */
		CBB289B620521AF4002CE748 /* AppDelegate.swift in Sources */ = {isa = PBXBuildFile; fileRef = CBB289B520521AF4002CE748 /* AppDelegate.swift */; };
		CBB289BB20521AF4002CE748 /* Main.storyboard in Resources */ = {isa = PBXBuildFile; fileRef = CBB289B920521AF4002CE748 /* Main.storyboard */; };
		CBB289BD20521AF4002CE748 /* Assets.xcassets in Resources */ = {isa = PBXBuildFile; fileRef = CBB289BC20521AF4002CE748 /* Assets.xcassets */; };
		CBB289C020521AF4002CE748 /* LaunchScreen.storyboard in Resources */ = {isa = PBXBuildFile; fileRef = CBB289BE20521AF4002CE748 /* LaunchScreen.storyboard */; };
		CBB289CB20521AF4002CE748 /* ShopMETests.swift in Sources */ = {isa = PBXBuildFile; fileRef = CBB289CA20521AF4002CE748 /* ShopMETests.swift */; };
		CBB289D620521AF4002CE748 /* ShopMEUITests.swift in Sources */ = {isa = PBXBuildFile; fileRef = CBB289D520521AF4002CE748 /* ShopMEUITests.swift */; };
		CBB289E420521CFF002CE748 /* CategoriesViewController.swift in Sources */ = {isa = PBXBuildFile; fileRef = CBB289E320521CFF002CE748 /* CategoriesViewController.swift */; };
		CBB289E620522099002CE748 /* CategoryViewCell.swift in Sources */ = {isa = PBXBuildFile; fileRef = CBB289E520522099002CE748 /* CategoryViewCell.swift */; };
		CBB289E820522754002CE748 /* CategoryViewController.swift in Sources */ = {isa = PBXBuildFile; fileRef = CBB289E720522754002CE748 /* CategoryViewController.swift */; };
		CBB289EA2052317B002CE748 /* ItemViewCell.swift in Sources */ = {isa = PBXBuildFile; fileRef = CBB289E92052317B002CE748 /* ItemViewCell.swift */; };
/* End PBXBuildFile section */

/* Begin PBXContainerItemProxy section */
		CBB289C720521AF4002CE748 /* PBXContainerItemProxy */ = {
			isa = PBXContainerItemProxy;
			containerPortal = CBB289AA20521AF4002CE748 /* Project object */;
			proxyType = 1;
			remoteGlobalIDString = CBB289B120521AF4002CE748;
			remoteInfo = ShopME;
		};
		CBB289D220521AF4002CE748 /* PBXContainerItemProxy */ = {
			isa = PBXContainerItemProxy;
			containerPortal = CBB289AA20521AF4002CE748 /* Project object */;
			proxyType = 1;
			remoteGlobalIDString = CBB289B120521AF4002CE748;
			remoteInfo = ShopME;
		};
/* End PBXContainerItemProxy section */

/* Begin PBXFileReference section */
		CBB289B220521AF4002CE748 /* ShopME.app */ = {isa = PBXFileReference; explicitFileType = wrapper.application; includeInIndex = 0; path = ShopME.app; sourceTree = BUILT_PRODUCTS_DIR; };
		CBB289B520521AF4002CE748 /* AppDelegate.swift */ = {isa = PBXFileReference; lastKnownFileType = sourcecode.swift; path = AppDelegate.swift; sourceTree = "<group>"; };
		CBB289BA20521AF4002CE748 /* Base */ = {isa = PBXFileReference; lastKnownFileType = file.storyboard; name = Base; path = Base.lproj/Main.storyboard; sourceTree = "<group>"; };
		CBB289BC20521AF4002CE748 /* Assets.xcassets */ = {isa = PBXFileReference; lastKnownFileType = folder.assetcatalog; path = Assets.xcassets; sourceTree = "<group>"; };
		CBB289BF20521AF4002CE748 /* Base */ = {isa = PBXFileReference; lastKnownFileType = file.storyboard; name = Base; path = Base.lproj/LaunchScreen.storyboard; sourceTree = "<group>"; };
		CBB289C120521AF4002CE748 /* Info.plist */ = {isa = PBXFileReference; lastKnownFileType = text.plist.xml; path = Info.plist; sourceTree = "<group>"; };
		CBB289C620521AF4002CE748 /* ShopMETests.xctest */ = {isa = PBXFileReference; explicitFileType = wrapper.cfbundle; includeInIndex = 0; path = ShopMETests.xctest; sourceTree = BUILT_PRODUCTS_DIR; };
		CBB289CA20521AF4002CE748 /* ShopMETests.swift */ = {isa = PBXFileReference; lastKnownFileType = sourcecode.swift; path = ShopMETests.swift; sourceTree = "<group>"; };
		CBB289CC20521AF4002CE748 /* Info.plist */ = {isa = PBXFileReference; lastKnownFileType = text.plist.xml; path = Info.plist; sourceTree = "<group>"; };
		CBB289D120521AF4002CE748 /* ShopMEUITests.xctest */ = {isa = PBXFileReference; explicitFileType = wrapper.cfbundle; includeInIndex = 0; path = ShopMEUITests.xctest; sourceTree = BUILT_PRODUCTS_DIR; };
		CBB289D520521AF4002CE748 /* ShopMEUITests.swift */ = {isa = PBXFileReference; lastKnownFileType = sourcecode.swift; path = ShopMEUITests.swift; sourceTree = "<group>"; };
		CBB289D720521AF4002CE748 /* Info.plist */ = {isa = PBXFileReference; lastKnownFileType = text.plist.xml; path = Info.plist; sourceTree = "<group>"; };
		CBB289E320521CFF002CE748 /* CategoriesViewController.swift */ = {isa = PBXFileReference; lastKnownFileType = sourcecode.swift; path = CategoriesViewController.swift; sourceTree = "<group>"; };
		CBB289E520522099002CE748 /* CategoryViewCell.swift */ = {isa = PBXFileReference; lastKnownFileType = sourcecode.swift; path = CategoryViewCell.swift; sourceTree = "<group>"; };
		CBB289E720522754002CE748 /* CategoryViewController.swift */ = {isa = PBXFileReference; lastKnownFileType = sourcecode.swift; path = CategoryViewController.swift; sourceTree = "<group>"; };
		CBB289E92052317B002CE748 /* ItemViewCell.swift */ = {isa = PBXFileReference; lastKnownFileType = sourcecode.swift; path = ItemViewCell.swift; sourceTree = "<group>"; };
/* End PBXFileReference section */

/* Begin PBXFrameworksBuildPhase section */
		CBB289AF20521AF4002CE748 /* Frameworks */ = {
			isa = PBXFrameworksBuildPhase;
			buildActionMask = 2147483647;
			files = (
			);
			runOnlyForDeploymentPostprocessing = 0;
		};
		CBB289C320521AF4002CE748 /* Frameworks */ = {
			isa = PBXFrameworksBuildPhase;
			buildActionMask = 2147483647;
			files = (
			);
			runOnlyForDeploymentPostprocessing = 0;
		};
		CBB289CE20521AF4002CE748 /* Frameworks */ = {
			isa = PBXFrameworksBuildPhase;
			buildActionMask = 2147483647;
			files = (
			);
			runOnlyForDeploymentPostprocessing = 0;
		};
/* End PBXFrameworksBuildPhase section */

/* Begin PBXGroup section */
		CBB289A920521AF4002CE748 = {
			isa = PBXGroup;
			children = (
				CBB289B420521AF4002CE748 /* ShopME */,
				CBB289C920521AF4002CE748 /* ShopMETests */,
				CBB289D420521AF4002CE748 /* ShopMEUITests */,
				CBB289B320521AF4002CE748 /* Products */,
			);
			sourceTree = "<group>";
		};
		CBB289B320521AF4002CE748 /* Products */ = {
			isa = PBXGroup;
			children = (
				CBB289B220521AF4002CE748 /* ShopME.app */,
				CBB289C620521AF4002CE748 /* ShopMETests.xctest */,
				CBB289D120521AF4002CE748 /* ShopMEUITests.xctest */,
			);
			name = Products;
			sourceTree = "<group>";
		};
		CBB289B420521AF4002CE748 /* ShopME */ = {
			isa = PBXGroup;
			children = (
				CBB289B520521AF4002CE748 /* AppDelegate.swift */,
				CBB289B920521AF4002CE748 /* Main.storyboard */,
				CBB289E720522754002CE748 /* CategoryViewController.swift */,
				CBB289E320521CFF002CE748 /* CategoriesViewController.swift */,
				CBB289BC20521AF4002CE748 /* Assets.xcassets */,
				CBB289E92052317B002CE748 /* ItemViewCell.swift */,
				CBB289E520522099002CE748 /* CategoryViewCell.swift */,
				CBB289BE20521AF4002CE748 /* LaunchScreen.storyboard */,
				CBB289C120521AF4002CE748 /* Info.plist */,
			);
			path = ShopME;
			sourceTree = "<group>";
		};
		CBB289C920521AF4002CE748 /* ShopMETests */ = {
			isa = PBXGroup;
			children = (
				CBB289CA20521AF4002CE748 /* ShopMETests.swift */,
				CBB289CC20521AF4002CE748 /* Info.plist */,
			);
			path = ShopMETests;
			sourceTree = "<group>";
		};
		CBB289D420521AF4002CE748 /* ShopMEUITests */ = {
			isa = PBXGroup;
			children = (
				CBB289D520521AF4002CE748 /* ShopMEUITests.swift */,
				CBB289D720521AF4002CE748 /* Info.plist */,
			);
			path = ShopMEUITests;
			sourceTree = "<group>";
		};
/* End PBXGroup section */

/* Begin PBXNativeTarget section */
		CBB289B120521AF4002CE748 /* ShopME */ = {
			isa = PBXNativeTarget;
			buildConfigurationList = CBB289DA20521AF4002CE748 /* Build configuration list for PBXNativeTarget "ShopME" */;
			buildPhases = (
				CBB289AE20521AF4002CE748 /* Sources */,
				CBB289AF20521AF4002CE748 /* Frameworks */,
				CBB289B020521AF4002CE748 /* Resources */,
			);
			buildRules = (
			);
			dependencies = (
			);
			name = ShopME;
			productName = ShopME;
			productReference = CBB289B220521AF4002CE748 /* ShopME.app */;
			productType = "com.apple.product-type.application";
		};
		CBB289C520521AF4002CE748 /* ShopMETests */ = {
			isa = PBXNativeTarget;
			buildConfigurationList = CBB289DD20521AF4002CE748 /* Build configuration list for PBXNativeTarget "ShopMETests" */;
			buildPhases = (
				CBB289C220521AF4002CE748 /* Sources */,
				CBB289C320521AF4002CE748 /* Frameworks */,
				CBB289C420521AF4002CE748 /* Resources */,
			);
			buildRules = (
			);
			dependencies = (
				CBB289C820521AF4002CE748 /* PBXTargetDependency */,
			);
			name = ShopMETests;
			productName = ShopMETests;
			productReference = CBB289C620521AF4002CE748 /* ShopMETests.xctest */;
			productType = "com.apple.product-type.bundle.unit-test";
		};
		CBB289D020521AF4002CE748 /* ShopMEUITests */ = {
			isa = PBXNativeTarget;
			buildConfigurationList = CBB289E020521AF4002CE748 /* Build configuration list for PBXNativeTarget "ShopMEUITests" */;
			buildPhases = (
				CBB289CD20521AF4002CE748 /* Sources */,
				CBB289CE20521AF4002CE748 /* Frameworks */,
				CBB289CF20521AF4002CE748 /* Resources */,
			);
			buildRules = (
			);
			dependencies = (
				CBB289D320521AF4002CE748 /* PBXTargetDependency */,
			);
			name = ShopMEUITests;
			productName = ShopMEUITests;
			productReference = CBB289D120521AF4002CE748 /* ShopMEUITests.xctest */;
			productType = "com.apple.product-type.bundle.ui-testing";
		};
/* End PBXNativeTarget section */

/* Begin PBXProject section */
		CBB289AA20521AF4002CE748 /* Project object */ = {
			isa = PBXProject;
			attributes = {
				LastSwiftUpdateCheck = 0920;
				LastUpgradeCheck = 0920;
				ORGANIZATIONNAME = "Trevor A Cohen";
				TargetAttributes = {
					CBB289B120521AF4002CE748 = {
						CreatedOnToolsVersion = 9.2;
						ProvisioningStyle = Automatic;
					};
					CBB289C520521AF4002CE748 = {
						CreatedOnToolsVersion = 9.2;
						ProvisioningStyle = Automatic;
						TestTargetID = CBB289B120521AF4002CE748;
					};
					CBB289D020521AF4002CE748 = {
						CreatedOnToolsVersion = 9.2;
						ProvisioningStyle = Automatic;
						TestTargetID = CBB289B120521AF4002CE748;
					};
				};
			};
			buildConfigurationList = CBB289AD20521AF4002CE748 /* Build configuration list for PBXProject "ShopME" */;
			compatibilityVersion = "Xcode 8.0";
			developmentRegion = en;
			hasScannedForEncodings = 0;
			knownRegions = (
				en,
				Base,
			);
			mainGroup = CBB289A920521AF4002CE748;
			productRefGroup = CBB289B320521AF4002CE748 /* Products */;
			projectDirPath = "";
			projectRoot = "";
			targets = (
				CBB289B120521AF4002CE748 /* ShopME */,
				CBB289C520521AF4002CE748 /* ShopMETests */,
				CBB289D020521AF4002CE748 /* ShopMEUITests */,
			);
		};
/* End PBXProject section */

/* Begin PBXResourcesBuildPhase section */
		CBB289B020521AF4002CE748 /* Resources */ = {
			isa = PBXResourcesBuildPhase;
			buildActionMask = 2147483647;
			files = (
				CBB289C020521AF4002CE748 /* LaunchScreen.storyboard in Resources */,
				CBB289BD20521AF4002CE748 /* Assets.xcassets in Resources */,
				CBB289BB20521AF4002CE748 /* Main.storyboard in Resources */,
			);
			runOnlyForDeploymentPostprocessing = 0;
		};
		CBB289C420521AF4002CE748 /* Resources */ = {
			isa = PBXResourcesBuildPhase;
			buildActionMask = 2147483647;
			files = (
			);
			runOnlyForDeploymentPostprocessing = 0;
		};
		CBB289CF20521AF4002CE748 /* Resources */ = {
			isa = PBXResourcesBuildPhase;
			buildActionMask = 2147483647;
			files = (
			);
			runOnlyForDeploymentPostprocessing = 0;
		};
/* End PBXResourcesBuildPhase section */

/* Begin PBXSourcesBuildPhase section */
		CBB289AE20521AF4002CE748 /* Sources */ = {
			isa = PBXSourcesBuildPhase;
			buildActionMask = 2147483647;
			files = (
				CBB289EA2052317B002CE748 /* ItemViewCell.swift in Sources */,
				CBB289E820522754002CE748 /* CategoryViewController.swift in Sources */,
				CBB289B620521AF4002CE748 /* AppDelegate.swift in Sources */,
				CBB289E620522099002CE748 /* CategoryViewCell.swift in Sources */,
				CBB289E420521CFF002CE748 /* CategoriesViewController.swift in Sources */,
			);
			runOnlyForDeploymentPostprocessing = 0;
		};
		CBB289C220521AF4002CE748 /* Sources */ = {
			isa = PBXSourcesBuildPhase;
			buildActionMask = 2147483647;
			files = (
				CBB289CB20521AF4002CE748 /* ShopMETests.swift in Sources */,
			);
			runOnlyForDeploymentPostprocessing = 0;
		};
		CBB289CD20521AF4002CE748 /* Sources */ = {
			isa = PBXSourcesBuildPhase;
			buildActionMask = 2147483647;
			files = (
				CBB289D620521AF4002CE748 /* ShopMEUITests.swift in Sources */,
			);
			runOnlyForDeploymentPostprocessing = 0;
		};
/* End PBXSourcesBuildPhase section */

/* Begin PBXTargetDependency section */
		CBB289C820521AF4002CE748 /* PBXTargetDependency */ = {
			isa = PBXTargetDependency;
			target = CBB289B120521AF4002CE748 /* ShopME */;
			targetProxy = CBB289C720521AF4002CE748 /* PBXContainerItemProxy */;
		};
		CBB289D320521AF4002CE748 /* PBXTargetDependency */ = {
			isa = PBXTargetDependency;
			target = CBB289B120521AF4002CE748 /* ShopME */;
			targetProxy = CBB289D220521AF4002CE748 /* PBXContainerItemProxy */;
		};
/* End PBXTargetDependency section */

/* Begin PBXVariantGroup section */
		CBB289B920521AF4002CE748 /* Main.storyboard */ = {
			isa = PBXVariantGroup;
			children = (
				CBB289BA20521AF4002CE748 /* Base */,
			);
			name = Main.storyboard;
			sourceTree = "<group>";
		};
		CBB289BE20521AF4002CE748 /* LaunchScreen.storyboard */ = {
			isa = PBXVariantGroup;
			children = (
				CBB289BF20521AF4002CE748 /* Base */,
			);
			name = LaunchScreen.storyboard;
			sourceTree = "<group>";
		};
/* End PBXVariantGroup section */

/* Begin XCBuildConfiguration section */
		CBB289D820521AF4002CE748 /* Debug */ = {
			isa = XCBuildConfiguration;
			buildSettings = {
				ALWAYS_SEARCH_USER_PATHS = NO;
				CLANG_ANALYZER_NONNULL = YES;
				CLANG_ANALYZER_NUMBER_OBJECT_CONVERSION = YES_AGGRESSIVE;
				CLANG_CXX_LANGUAGE_STANDARD = "gnu++14";
				CLANG_CXX_LIBRARY = "libc++";
				CLANG_ENABLE_MODULES = YES;
				CLANG_ENABLE_OBJC_ARC = YES;
				CLANG_WARN_BLOCK_CAPTURE_AUTORELEASING = YES;
				CLANG_WARN_BOOL_CONVERSION = YES;
				CLANG_WARN_COMMA = YES;
				CLANG_WARN_CONSTANT_CONVERSION = YES;
				CLANG_WARN_DIRECT_OBJC_ISA_USAGE = YES_ERROR;
				CLANG_WARN_DOCUMENTATION_COMMENTS = YES;
				CLANG_WARN_EMPTY_BODY = YES;
				CLANG_WARN_ENUM_CONVERSION = YES;
				CLANG_WARN_INFINITE_RECURSION = YES;
				CLANG_WARN_INT_CONVERSION = YES;
				CLANG_WARN_NON_LITERAL_NULL_CONVERSION = YES;
				CLANG_WARN_OBJC_LITERAL_CONVERSION = YES;
				CLANG_WARN_OBJC_ROOT_CLASS = YES_ERROR;
				CLANG_WARN_RANGE_LOOP_ANALYSIS = YES;
				CLANG_WARN_STRICT_PROTOTYPES = YES;
				CLANG_WARN_SUSPICIOUS_MOVE = YES;
				CLANG_WARN_UNGUARDED_AVAILABILITY = YES_AGGRESSIVE;
				CLANG_WARN_UNREACHABLE_CODE = YES;
				CLANG_WARN__DUPLICATE_METHOD_MATCH = YES;
				CODE_SIGN_IDENTITY = "iPhone Developer";
				COPY_PHASE_STRIP = NO;
				DEBUG_INFORMATION_FORMAT = dwarf;
				ENABLE_STRICT_OBJC_MSGSEND = YES;
				ENABLE_TESTABILITY = YES;
				GCC_C_LANGUAGE_STANDARD = gnu11;
				GCC_DYNAMIC_NO_PIC = NO;
				GCC_NO_COMMON_BLOCKS = YES;
				GCC_OPTIMIZATION_LEVEL = 0;
				GCC_PREPROCESSOR_DEFINITIONS = (
					"DEBUG=1",
					"$(inherited)",
				);
				GCC_WARN_64_TO_32_BIT_CONVERSION = YES;
				GCC_WARN_ABOUT_RETURN_TYPE = YES_ERROR;
				GCC_WARN_UNDECLARED_SELECTOR = YES;
				GCC_WARN_UNINITIALIZED_AUTOS = YES_AGGRESSIVE;
				GCC_WARN_UNUSED_FUNCTION = YES;
				GCC_WARN_UNUSED_VARIABLE = YES;
				IPHONEOS_DEPLOYMENT_TARGET = 11.2;
				MTL_ENABLE_DEBUG_INFO = YES;
				ONLY_ACTIVE_ARCH = YES;
				SDKROOT = iphoneos;
				SWIFT_ACTIVE_COMPILATION_CONDITIONS = DEBUG;
				SWIFT_OPTIMIZATION_LEVEL = "-Onone";
			};
			name = Debug;
		};
		CBB289D920521AF4002CE748 /* Release */ = {
			isa = XCBuildConfiguration;
			buildSettings = {
				ALWAYS_SEARCH_USER_PATHS = NO;
				CLANG_ANALYZER_NONNULL = YES;
				CLANG_ANALYZER_NUMBER_OBJECT_CONVERSION = YES_AGGRESSIVE;
				CLANG_CXX_LANGUAGE_STANDARD = "gnu++14";
				CLANG_CXX_LIBRARY = "libc++";
				CLANG_ENABLE_MODULES = YES;
				CLANG_ENABLE_OBJC_ARC = YES;
				CLANG_WARN_BLOCK_CAPTURE_AUTORELEASING = YES;
				CLANG_WARN_BOOL_CONVERSION = YES;
				CLANG_WARN_COMMA = YES;
				CLANG_WARN_CONSTANT_CONVERSION = YES;
				CLANG_WARN_DIRECT_OBJC_ISA_USAGE = YES_ERROR;
				CLANG_WARN_DOCUMENTATION_COMMENTS = YES;
				CLANG_WARN_EMPTY_BODY = YES;
				CLANG_WARN_ENUM_CONVERSION = YES;
				CLANG_WARN_INFINITE_RECURSION = YES;
				CLANG_WARN_INT_CONVERSION = YES;
				CLANG_WARN_NON_LITERAL_NULL_CONVERSION = YES;
				CLANG_WARN_OBJC_LITERAL_CONVERSION = YES;
				CLANG_WARN_OBJC_ROOT_CLASS = YES_ERROR;
				CLANG_WARN_RANGE_LOOP_ANALYSIS = YES;
				CLANG_WARN_STRICT_PROTOTYPES = YES;
				CLANG_WARN_SUSPICIOUS_MOVE = YES;
				CLANG_WARN_UNGUARDED_AVAILABILITY = YES_AGGRESSIVE;
				CLANG_WARN_UNREACHABLE_CODE = YES;
				CLANG_WARN__DUPLICATE_METHOD_MATCH = YES;
				CODE_SIGN_IDENTITY = "iPhone Developer";
				COPY_PHASE_STRIP = NO;
				DEBUG_INFORMATION_FORMAT = "dwarf-with-dsym";
				ENABLE_NS_ASSERTIONS = NO;
				ENABLE_STRICT_OBJC_MSGSEND = YES;
				GCC_C_LANGUAGE_STANDARD = gnu11;
				GCC_NO_COMMON_BLOCKS = YES;
				GCC_WARN_64_TO_32_BIT_CONVERSION = YES;
				GCC_WARN_ABOUT_RETURN_TYPE = YES_ERROR;
				GCC_WARN_UNDECLARED_SELECTOR = YES;
				GCC_WARN_UNINITIALIZED_AUTOS = YES_AGGRESSIVE;
				GCC_WARN_UNUSED_FUNCTION = YES;
				GCC_WARN_UNUSED_VARIABLE = YES;
				IPHONEOS_DEPLOYMENT_TARGET = 11.2;
				MTL_ENABLE_DEBUG_INFO = NO;
				SDKROOT = iphoneos;
				SWIFT_OPTIMIZATION_LEVEL = "-Owholemodule";
				VALIDATE_PRODUCT = YES;
			};
			name = Release;
		};
		CBB289DB20521AF4002CE748 /* Debug */ = {
			isa = XCBuildConfiguration;
			buildSettings = {
				ASSETCATALOG_COMPILER_APPICON_NAME = AppIcon;
				CODE_SIGN_STYLE = Automatic;
				DEVELOPMENT_TEAM = 8B4QBLLSCD;
				INFOPLIST_FILE = ShopME/Info.plist;
				LD_RUNPATH_SEARCH_PATHS = "$(inherited) @executable_path/Frameworks";
				PRODUCT_BUNDLE_IDENTIFIER = "com.vcu-ios.ShopME";
				PRODUCT_NAME = "$(TARGET_NAME)";
				SWIFT_VERSION = 4.0;
				TARGETED_DEVICE_FAMILY = "1,2";
			};
			name = Debug;
		};
		CBB289DC20521AF4002CE748 /* Release */ = {
			isa = XCBuildConfiguration;
			buildSettings = {
				ASSETCATALOG_COMPILER_APPICON_NAME = AppIcon;
				CODE_SIGN_STYLE = Automatic;
				DEVELOPMENT_TEAM = 8B4QBLLSCD;
				INFOPLIST_FILE = ShopME/Info.plist;
				LD_RUNPATH_SEARCH_PATHS = "$(inherited) @executable_path/Frameworks";
				PRODUCT_BUNDLE_IDENTIFIER = "com.vcu-ios.ShopME";
				PRODUCT_NAME = "$(TARGET_NAME)";
				SWIFT_VERSION = 4.0;
				TARGETED_DEVICE_FAMILY = "1,2";
			};
			name = Release;
		};
		CBB289DE20521AF4002CE748 /* Debug */ = {
			isa = XCBuildConfiguration;
			buildSettings = {
				ALWAYS_EMBED_SWIFT_STANDARD_LIBRARIES = YES;
				BUNDLE_LOADER = "$(TEST_HOST)";
				CODE_SIGN_STYLE = Automatic;
				DEVELOPMENT_TEAM = 8B4QBLLSCD;
				INFOPLIST_FILE = ShopMETests/Info.plist;
				LD_RUNPATH_SEARCH_PATHS = "$(inherited) @executable_path/Frameworks @loader_path/Frameworks";
				PRODUCT_BUNDLE_IDENTIFIER = "com.vcu-ios.ShopMETests";
				PRODUCT_NAME = "$(TARGET_NAME)";
				SWIFT_VERSION = 4.0;
				TARGETED_DEVICE_FAMILY = "1,2";
				TEST_HOST = "$(BUILT_PRODUCTS_DIR)/ShopME.app/ShopME";
			};
			name = Debug;
		};
		CBB289DF20521AF4002CE748 /* Release */ = {
			isa = XCBuildConfiguration;
			buildSettings = {
				ALWAYS_EMBED_SWIFT_STANDARD_LIBRARIES = YES;
				BUNDLE_LOADER = "$(TEST_HOST)";
				CODE_SIGN_STYLE = Automatic;
				DEVELOPMENT_TEAM = 8B4QBLLSCD;
				INFOPLIST_FILE = ShopMETests/Info.plist;
				LD_RUNPATH_SEARCH_PATHS = "$(inherited) @executable_path/Frameworks @loader_path/Frameworks";
				PRODUCT_BUNDLE_IDENTIFIER = "com.vcu-ios.ShopMETests";
				PRODUCT_NAME = "$(TARGET_NAME)";
				SWIFT_VERSION = 4.0;
				TARGETED_DEVICE_FAMILY = "1,2";
				TEST_HOST = "$(BUILT_PRODUCTS_DIR)/ShopME.app/ShopME";
			};
			name = Release;
		};
		CBB289E120521AF4002CE748 /* Debug */ = {
			isa = XCBuildConfiguration;
			buildSettings = {
				ALWAYS_EMBED_SWIFT_STANDARD_LIBRARIES = YES;
				CODE_SIGN_STYLE = Automatic;
				DEVELOPMENT_TEAM = 8B4QBLLSCD;
				INFOPLIST_FILE = ShopMEUITests/Info.plist;
				LD_RUNPATH_SEARCH_PATHS = "$(inherited) @executable_path/Frameworks @loader_path/Frameworks";
				PRODUCT_BUNDLE_IDENTIFIER = "com.vcu-ios.ShopMEUITests";
				PRODUCT_NAME = "$(TARGET_NAME)";
				SWIFT_VERSION = 4.0;
				TARGETED_DEVICE_FAMILY = "1,2";
				TEST_TARGET_NAME = ShopME;
			};
			name = Debug;
		};
		CBB289E220521AF4002CE748 /* Release */ = {
			isa = XCBuildConfiguration;
			buildSettings = {
				ALWAYS_EMBED_SWIFT_STANDARD_LIBRARIES = YES;
				CODE_SIGN_STYLE = Automatic;
				DEVELOPMENT_TEAM = 8B4QBLLSCD;
				INFOPLIST_FILE = ShopMEUITests/Info.plist;
				LD_RUNPATH_SEARCH_PATHS = "$(inherited) @executable_path/Frameworks @loader_path/Frameworks";
				PRODUCT_BUNDLE_IDENTIFIER = "com.vcu-ios.ShopMEUITests";
				PRODUCT_NAME = "$(TARGET_NAME)";
				SWIFT_VERSION = 4.0;
				TARGETED_DEVICE_FAMILY = "1,2";
				TEST_TARGET_NAME = ShopME;
			};
			name = Release;
		};
/* End XCBuildConfiguration section */

/* Begin XCConfigurationList section */
		CBB289AD20521AF4002CE748 /* Build configuration list for PBXProject "ShopME" */ = {
			isa = XCConfigurationList;
			buildConfigurations = (
				CBB289D820521AF4002CE748 /* Debug */,
				CBB289D920521AF4002CE748 /* Release */,
			);
			defaultConfigurationIsVisible = 0;
			defaultConfigurationName = Release;
		};
		CBB289DA20521AF4002CE748 /* Build configuration list for PBXNativeTarget "ShopME" */ = {
			isa = XCConfigurationList;
			buildConfigurations = (
				CBB289DB20521AF4002CE748 /* Debug */,
				CBB289DC20521AF4002CE748 /* Release */,
			);
			defaultConfigurationIsVisible = 0;
			defaultConfigurationName = Release;
		};
		CBB289DD20521AF4002CE748 /* Build configuration list for PBXNativeTarget "ShopMETests" */ = {
			isa = XCConfigurationList;
			buildConfigurations = (
				CBB289DE20521AF4002CE748 /* Debug */,
				CBB289DF20521AF4002CE748 /* Release */,
			);
			defaultConfigurationIsVisible = 0;
			defaultConfigurationName = Release;
		};
		CBB289E020521AF4002CE748 /* Build configuration list for PBXNativeTarget "ShopMEUITests" */ = {
			isa = XCConfigurationList;
			buildConfigurations = (
				CBB289E120521AF4002CE748 /* Debug */,
				CBB289E220521AF4002CE748 /* Release */,
			);
			defaultConfigurationIsVisible = 0;
			defaultConfigurationName = Release;
		};
/* End XCConfigurationList section */
	};
	rootObject = CBB289AA20521AF4002CE748 /* Project object */;
}
